Microsoft Visual Studio Solution File, Format Version 7.00
Project("{8BC9CEB8-8B4A-11D0-8D11-00A0C91BC942}") = "CppExe", "CppExe/CppExe.vcproj", "{AE61726D-187C-E440-BD07-2556188A6565}"
EndProject
Global
	GlobalSection(SolutionConfiguration) = preSolution
		ConfigName.0 = Debug
		ConfigName.1 = Release
	EndGlobalSection
	GlobalSection(ProjectDependencies) = postSolution
	EndGlobalSection
	GlobalSection(ProjectConfiguration) = postSolution
		{AE61726D-187C-E440-BD07-2556188A6565}.Debug.ActiveCfg = Debug|Win32
		{AE61726D-187C-E440-BD07-2556188A6565}.Debug.Build.0 = Debug|Win32
		{AE61726D-187C-E440-BD07-2556188A6565}.Release.ActiveCfg = Release|Win32
		{AE61726D-187C-E440-BD07-2556188A6565}.Release.Build.0 = Release|Win32
	EndGlobalSection
	GlobalSection(ExtensibilityGlobals) = postSolution
	EndGlobalSection
	GlobalSection(ExtensibilityAddIns) = postSolution
	EndGlobalSection
EndGlobal
