
Microsoft Visual Studio Solution File, Format Version 10.00
# Visual Studio 2008
Project("{8BC9CEB8-8B4A-11D0-8D11-00A0C91BC942}") = "CppExe", "CppExe\CppExe.vcproj", "{790A1FC0-287D-4F4A-8AE8-D0B48406BECF}"
EndProject
Global
	GlobalSection(SolutionConfigurationPlatforms) = preSolution
		Debug|Win32 = Debug|Win32
		Release|Win32 = Release|Win32
	EndGlobalSection
	GlobalSection(ProjectConfigurationPlatforms) = postSolution
		{790A1FC0-287D-4F4A-8AE8-D0B48406BECF}.Debug|Win32.ActiveCfg = Debug|Win32
		{790A1FC0-287D-4F4A-8AE8-D0B48406BECF}.Debug|Win32.Build.0 = Debug|Win32
		{790A1FC0-287D-4F4A-8AE8-D0B48406BECF}.Release|Win32.ActiveCfg = Release|Win32
		{790A1FC0-287D-4F4A-8AE8-D0B48406BECF}.Release|Win32.Build.0 = Release|Win32
	EndGlobalSection
	GlobalSection(SolutionProperties) = preSolution
		HideSolutionNode = FALSE
	EndGlobalSection
EndGlobal
