Microsoft Visual Studio Solution File, Format Version 8.00
Project("{8BC9CEB8-8B4A-11D0-8D11-00A0C91BC942}") = "UnitTest++.vsnet2003", "UnitTest++.vsnet2003.vcproj", "{7E5DD804-EC63-4FA5-BB6D-53DA86806EF5}"
	ProjectSection(ProjectDependencies) = postProject
	EndProjectSection
EndProject
Project("{8BC9CEB8-8B4A-11D0-8D11-00A0C91BC942}") = "TestUnitTest++.vsnet2003", "TestUnitTest++.vsnet2003.vcproj", "{ACDF9A6A-874F-49E5-AB7C-74F8150BB4C7}"
	ProjectSection(ProjectDependencies) = postProject
		{7E5DD804-EC63-4FA5-BB6D-53DA86806EF5} = {7E5DD804-EC63-4FA5-BB6D-53DA86806EF5}
	EndProjectSection
EndProject
Global
	GlobalSection(SolutionConfiguration) = preSolution
		Debug = Debug
		Release = Release
	EndGlobalSection
	GlobalSection(ProjectConfiguration) = postSolution
		{7E5DD804-EC63-4FA5-BB6D-53DA86806EF5}.Debug.ActiveCfg = Debug|Win32
		{7E5DD804-EC63-4FA5-BB6D-53DA86806EF5}.Debug.Build.0 = Debug|Win32
		{7E5DD804-EC63-4FA5-BB6D-53DA86806EF5}.Release.ActiveCfg = Release|Win32
		{7E5DD804-EC63-4FA5-BB6D-53DA86806EF5}.Release.Build.0 = Release|Win32
		{ACDF9A6A-874F-49E5-AB7C-74F8150BB4C7}.Debug.ActiveCfg = Debug|Win32
		{ACDF9A6A-874F-49E5-AB7C-74F8150BB4C7}.Debug.Build.0 = Debug|Win32
		{ACDF9A6A-874F-49E5-AB7C-74F8150BB4C7}.Release.ActiveCfg = Release|Win32
		{ACDF9A6A-874F-49E5-AB7C-74F8150BB4C7}.Release.Build.0 = Release|Win32
	EndGlobalSection
	GlobalSection(ExtensibilityGlobals) = postSolution
	EndGlobalSection
	GlobalSection(ExtensibilityAddIns) = postSolution
	EndGlobalSection
EndGlobal
